
Microsoft Visual Studio Solution File, Format Version 12.00
# Visual Studio Version 17
VisualStudioVersion = 17.8.34330.188
MinimumVisualStudioVersion = 10.0.40219.1
Project("{FAE04EC0-301F-11D3-BF4B-00C04F79EFBC}") = "Webkit", "Webkit\Webkit.csproj", "{5CF0DC8A-00FD-422F-AAC7-9421D6736A0C}"
EndProject
Project("{FAE04EC0-301F-11D3-BF4B-00C04F79EFBC}") = "Webkit.Test", "Webkit.Test\Webkit.Test.csproj", "{3B03A8F8-0EEB-41D2-8381-77C73F990601}"
EndProject
Global
	GlobalSection(SolutionConfigurationPlatforms) = preSolution
		Debug|Any CPU = Debug|Any CPU
		Release|Any CPU = Release|Any CPU
	EndGlobalSection
	GlobalSection(ProjectConfigurationPlatforms) = postSolution
		{5CF0DC8A-00FD-422F-AAC7-9421D6736A0C}.Debug|Any CPU.ActiveCfg = Debug|Any CPU
		{5CF0DC8A-00FD-422F-AAC7-9421D6736A0C}.Debug|Any CPU.Build.0 = Debug|Any CPU
		{5CF0DC8A-00FD-422F-AAC7-9421D6736A0C}.Release|Any CPU.ActiveCfg = Release|Any CPU
		{5CF0DC8A-00FD-422F-AAC7-9421D6736A0C}.Release|Any CPU.Build.0 = Release|Any CPU
		{3B03A8F8-0EEB-41D2-8381-77C73F990601}.Debug|Any CPU.ActiveCfg = Debug|Any CPU
		{3B03A8F8-0EEB-41D2-8381-77C73F990601}.Debug|Any CPU.Build.0 = Debug|Any CPU
		{3B03A8F8-0EEB-41D2-8381-77C73F990601}.Release|Any CPU.ActiveCfg = Release|Any CPU
		{3B03A8F8-0EEB-41D2-8381-77C73F990601}.Release|Any CPU.Build.0 = Release|Any CPU
	EndGlobalSection
	GlobalSection(SolutionProperties) = preSolution
		HideSolutionNode = FALSE
	EndGlobalSection
	GlobalSection(ExtensibilityGlobals) = postSolution
		SolutionGuid = {D8F1CA32-E6F8-4180-80D3-FBD4FB78C784}
	EndGlobalSection
EndGlobal
